
Microsoft Visual Studio Solution File, Format Version 12.00
# Visual Studio Version 17
VisualStudioVersion = 17.6.33815.320
MinimumVisualStudioVersion = 10.0.40219.1
Project("{FAE04EC0-301F-11D3-BF4B-00C04F79EFBC}") = "GerenciadorContatos", "GerenciadorContatos.csproj", "{C93DFD60-DC0A-4BE5-A8FE-799B9A89A14E}"
EndProject
Global
	GlobalSection(SolutionConfigurationPlatforms) = preSolution
		Debug|Any CPU = Debug|Any CPU
		Release|Any CPU = Release|Any CPU
	EndGlobalSection
	GlobalSection(ProjectConfigurationPlatforms) = postSolution
		{C93DFD60-DC0A-4BE5-A8FE-799B9A89A14E}.Debug|Any CPU.ActiveCfg = Debug|Any CPU
		{C93DFD60-DC0A-4BE5-A8FE-799B9A89A14E}.Debug|Any CPU.Build.0 = Debug|Any CPU
		{C93DFD60-DC0A-4BE5-A8FE-799B9A89A14E}.Release|Any CPU.ActiveCfg = Release|Any CPU
		{C93DFD60-DC0A-4BE5-A8FE-799B9A89A14E}.Release|Any CPU.Build.0 = Release|Any CPU
	EndGlobalSection
	GlobalSection(SolutionProperties) = preSolution
		HideSolutionNode = FALSE
	EndGlobalSection
	GlobalSection(ExtensibilityGlobals) = postSolution
		SolutionGuid = {6E99B57F-378D-406C-9EDD-CC2ED84A5400}
	EndGlobalSection
EndGlobal
